// !$*UTF8*$!
{
	archiveVersion = 1;
	classes = {
	};
	objectVersion = 46;
	objects = {

/* Begin PBXBuildFile section */
		BDEF42B11DEFF6D0009CC4DB /* main.m in Sources */ = {isa = PBXBuildFile; fileRef = BDEF42B01DEFF6D0009CC4DB /* main.m */; };
		BDEF42B41DEFF6D0009CC4DB /* AppDelegate.m in Sources */ = {isa = PBXBuildFile; fileRef = BDEF42B31DEFF6D0009CC4DB /* AppDelegate.m */; };
		BDEF42B71DEFF6D0009CC4DB /* ViewController.m in Sources */ = {isa = PBXBuildFile; fileRef = BDEF42B61DEFF6D0009CC4DB /* ViewController.m */; };
		BDEF42BA1DEFF6D0009CC4DB /* Main.storyboard in Resources */ = {isa = PBXBuildFile; fileRef = BDEF42B81DEFF6D0009CC4DB /* Main.storyboard */; };
		BDEF42BC1DEFF6D0009CC4DB /* Assets.xcassets in Resources */ = {isa = PBXBuildFile; fileRef = BDEF42BB1DEFF6D0009CC4DB /* Assets.xcassets */; };
		BDEF42BF1DEFF6D0009CC4DB /* LaunchScreen.storyboard in Resources */ = {isa = PBXBuildFile; fileRef = BDEF42BD1DEFF6D0009CC4DB /* LaunchScreen.storyboard */; };
		BDEF42CC1DEFF7DA009CC4DB /* WebKit.framework in Frameworks */ = {isa = PBXBuildFile; fileRef = BDEF42CB1DEFF7DA009CC4DB /* WebKit.framework */; };
		BDEF42CF1DEFF81E009CC4DB /* DKWebview.m in Sources */ = {isa = PBXBuildFile; fileRef = BDEF42CE1DEFF81E009CC4DB /* DKWebview.m */; };
		BDEF42D11DEFFA14009CC4DB /* Resources.bundle in Resources */ = {isa = PBXBuildFile; fileRef = BDEF42D01DEFFA14009CC4DB /* Resources.bundle */; };
/* End PBXBuildFile section */

/* Begin PBXFileReference section */
		BDEF42AC1DEFF6D0009CC4DB /* DKWebview.app */ = {isa = PBXFileReference; explicitFileType = wrapper.application; includeInIndex = 0; path = DKWebview.app; sourceTree = BUILT_PRODUCTS_DIR; };
		BDEF42B01DEFF6D0009CC4DB /* main.m */ = {isa = PBXFileReference; lastKnownFileType = sourcecode.c.objc; path = main.m; sourceTree = "<group>"; };
		BDEF42B21DEFF6D0009CC4DB /* AppDelegate.h */ = {isa = PBXFileReference; lastKnownFileType = sourcecode.c.h; path = AppDelegate.h; sourceTree = "<group>"; };
		BDEF42B31DEFF6D0009CC4DB /* AppDelegate.m */ = {isa = PBXFileReference; lastKnownFileType = sourcecode.c.objc; path = AppDelegate.m; sourceTree = "<group>"; };
		BDEF42B51DEFF6D0009CC4DB /* ViewController.h */ = {isa = PBXFileReference; lastKnownFileType = sourcecode.c.h; path = ViewController.h; sourceTree = "<group>"; };
		BDEF42B61DEFF6D0009CC4DB /* ViewController.m */ = {isa = PBXFileReference; lastKnownFileType = sourcecode.c.objc; path = ViewController.m; sourceTree = "<group>"; };
		BDEF42B91DEFF6D0009CC4DB /* Base */ = {isa = PBXFileReference; lastKnownFileType = file.storyboard; name = Base; path = Base.lproj/Main.storyboard; sourceTree = "<group>"; };
		BDEF42BB1DEFF6D0009CC4DB /* Assets.xcassets */ = {isa = PBXFileReference; lastKnownFileType = folder.assetcatalog; path = Assets.xcassets; sourceTree = "<group>"; };
		BDEF42BE1DEFF6D0009CC4DB /* Base */ = {isa = PBXFileReference; lastKnownFileType = file.storyboard; name = Base; path = Base.lproj/LaunchScreen.storyboard; sourceTree = "<group>"; };
		BDEF42C01DEFF6D0009CC4DB /* Info.plist */ = {isa = PBXFileReference; lastKnownFileType = text.plist.xml; path = Info.plist; sourceTree = "<group>"; };
		BDEF42CB1DEFF7DA009CC4DB /* WebKit.framework */ = {isa = PBXFileReference; lastKnownFileType = wrapper.framework; name = WebKit.framework; path = System/Library/Frameworks/WebKit.framework; sourceTree = SDKROOT; };
		BDEF42CD1DEFF81E009CC4DB /* DKWebview.h */ = {isa = PBXFileReference; fileEncoding = 4; lastKnownFileType = sourcecode.c.h; path = DKWebview.h; sourceTree = "<group>"; };
		BDEF42CE1DEFF81E009CC4DB /* DKWebview.m */ = {isa = PBXFileReference; fileEncoding = 4; lastKnownFileType = sourcecode.c.objc; path = DKWebview.m; sourceTree = "<group>"; };
		BDEF42D01DEFFA14009CC4DB /* Resources.bundle */ = {isa = PBXFileReference; lastKnownFileType = "wrapper.plug-in"; path = Resources.bundle; sourceTree = "<group>"; };
/* End PBXFileReference section */

/* Begin PBXFrameworksBuildPhase section */
		BDEF42A91DEFF6D0009CC4DB /* Frameworks */ = {
			isa = PBXFrameworksBuildPhase;
			buildActionMask = 2147483647;
			files = (
				BDEF42CC1DEFF7DA009CC4DB /* WebKit.framework in Frameworks */,
			);
			runOnlyForDeploymentPostprocessing = 0;
		};
/* End PBXFrameworksBuildPhase section */

/* Begin PBXGroup section */
		BDEF42A31DEFF6D0009CC4DB = {
			isa = PBXGroup;
			children = (
				BDEF42AE1DEFF6D0009CC4DB /* DKWebview */,
				BDEF42AD1DEFF6D0009CC4DB /* Products */,
				BDEF42CA1DEFF7D9009CC4DB /* Frameworks */,
			);
			sourceTree = "<group>";
		};
		BDEF42AD1DEFF6D0009CC4DB /* Products */ = {
			isa = PBXGroup;
			children = (
				BDEF42AC1DEFF6D0009CC4DB /* DKWebview.app */,
			);
			name = Products;
			sourceTree = "<group>";
		};
		BDEF42AE1DEFF6D0009CC4DB /* DKWebview */ = {
			isa = PBXGroup;
			children = (
				BDEF42C61DEFF793009CC4DB /* Source */,
				BDEF42B21DEFF6D0009CC4DB /* AppDelegate.h */,
				BDEF42B31DEFF6D0009CC4DB /* AppDelegate.m */,
				BDEF42B51DEFF6D0009CC4DB /* ViewController.h */,
				BDEF42B61DEFF6D0009CC4DB /* ViewController.m */,
				BDEF42B81DEFF6D0009CC4DB /* Main.storyboard */,
				BDEF42BB1DEFF6D0009CC4DB /* Assets.xcassets */,
				BDEF42BD1DEFF6D0009CC4DB /* LaunchScreen.storyboard */,
				BDEF42C01DEFF6D0009CC4DB /* Info.plist */,
				BDEF42AF1DEFF6D0009CC4DB /* Supporting Files */,
			);
			path = DKWebview;
			sourceTree = "<group>";
		};
		BDEF42AF1DEFF6D0009CC4DB /* Supporting Files */ = {
			isa = PBXGroup;
			children = (
				BDEF42B01DEFF6D0009CC4DB /* main.m */,
			);
			name = "Supporting Files";
			sourceTree = "<group>";
		};
		BDEF42C61DEFF793009CC4DB /* Source */ = {
			isa = PBXGroup;
			children = (
				BDEF42D01DEFFA14009CC4DB /* Resources.bundle */,
				BDEF42CD1DEFF81E009CC4DB /* DKWebview.h */,
				BDEF42CE1DEFF81E009CC4DB /* DKWebview.m */,
			);
			path = Source;
			sourceTree = "<group>";
		};
		BDEF42CA1DEFF7D9009CC4DB /* Frameworks */ = {
			isa = PBXGroup;
			children = (
				BDEF42CB1DEFF7DA009CC4DB /* WebKit.framework */,
			);
			name = Frameworks;
			sourceTree = "<group>";
		};
/* End PBXGroup section */

/* Begin PBXNativeTarget section */
		BDEF42AB1DEFF6D0009CC4DB /* DKWebview */ = {
			isa = PBXNativeTarget;
			buildConfigurationList = BDEF42C31DEFF6D0009CC4DB /* Build configuration list for PBXNativeTarget "DKWebview" */;
			buildPhases = (
				BDEF42A81DEFF6D0009CC4DB /* Sources */,
				BDEF42A91DEFF6D0009CC4DB /* Frameworks */,
				BDEF42AA1DEFF6D0009CC4DB /* Resources */,
			);
			buildRules = (
			);
			dependencies = (
			);
			name = DKWebview;
			productName = DKWebview;
			productReference = BDEF42AC1DEFF6D0009CC4DB /* DKWebview.app */;
			productType = "com.apple.product-type.application";
		};
/* End PBXNativeTarget section */

/* Begin PBXProject section */
		BDEF42A41DEFF6D0009CC4DB /* Project object */ = {
			isa = PBXProject;
			attributes = {
				LastUpgradeCheck = 0810;
				ORGANIZATIONNAME = "dk-coder";
				TargetAttributes = {
					BDEF42AB1DEFF6D0009CC4DB = {
						CreatedOnToolsVersion = 8.1;
						ProvisioningStyle = Automatic;
					};
				};
			};
			buildConfigurationList = BDEF42A71DEFF6D0009CC4DB /* Build configuration list for PBXProject "DKWebview" */;
			compatibilityVersion = "Xcode 3.2";
			developmentRegion = English;
			hasScannedForEncodings = 0;
			knownRegions = (
				en,
				Base,
			);
			mainGroup = BDEF42A31DEFF6D0009CC4DB;
			productRefGroup = BDEF42AD1DEFF6D0009CC4DB /* Products */;
			projectDirPath = "";
			projectRoot = "";
			targets = (
				BDEF42AB1DEFF6D0009CC4DB /* DKWebview */,
			);
		};
/* End PBXProject section */

/* Begin PBXResourcesBuildPhase section */
		BDEF42AA1DEFF6D0009CC4DB /* Resources */ = {
			isa = PBXResourcesBuildPhase;
			buildActionMask = 2147483647;
			files = (
				BDEF42BF1DEFF6D0009CC4DB /* LaunchScreen.storyboard in Resources */,
				BDEF42BC1DEFF6D0009CC4DB /* Assets.xcassets in Resources */,
				BDEF42BA1DEFF6D0009CC4DB /* Main.storyboard in Resources */,
				BDEF42D11DEFFA14009CC4DB /* Resources.bundle in Resources */,
			);
			runOnlyForDeploymentPostprocessing = 0;
		};
/* End PBXResourcesBuildPhase section */

/* Begin PBXSourcesBuildPhase section */
		BDEF42A81DEFF6D0009CC4DB /* Sources */ = {
			isa = PBXSourcesBuildPhase;
			buildActionMask = 2147483647;
			files = (
				BDEF42B71DEFF6D0009CC4DB /* ViewController.m in Sources */,
				BDEF42B41DEFF6D0009CC4DB /* AppDelegate.m in Sources */,
				BDEF42CF1DEFF81E009CC4DB /* DKWebview.m in Sources */,
				BDEF42B11DEFF6D0009CC4DB /* main.m in Sources */,
			);
			runOnlyForDeploymentPostprocessing = 0;
		};
/* End PBXSourcesBuildPhase section */

/* Begin PBXVariantGroup section */
		BDEF42B81DEFF6D0009CC4DB /* Main.storyboard */ = {
			isa = PBXVariantGroup;
			children = (
				BDEF42B91DEFF6D0009CC4DB /* Base */,
			);
			name = Main.storyboard;
			sourceTree = "<group>";
		};
		BDEF42BD1DEFF6D0009CC4DB /* LaunchScreen.storyboard */ = {
			isa = PBXVariantGroup;
			children = (
				BDEF42BE1DEFF6D0009CC4DB /* Base */,
			);
			name = LaunchScreen.storyboard;
			sourceTree = "<group>";
		};
/* End PBXVariantGroup section */

/* Begin XCBuildConfiguration section */
		BDEF42C11DEFF6D0009CC4DB /* Debug */ = {
			isa = XCBuildConfiguration;
			buildSettings = {
				ALWAYS_SEARCH_USER_PATHS = NO;
				CLANG_ANALYZER_NONNULL = YES;
				CLANG_CXX_LANGUAGE_STANDARD = "gnu++0x";
				CLANG_CXX_LIBRARY = "libc++";
				CLANG_ENABLE_MODULES = YES;
				CLANG_ENABLE_OBJC_ARC = YES;
				CLANG_WARN_BOOL_CONVERSION = YES;
				CLANG_WARN_CONSTANT_CONVERSION = YES;
				CLANG_WARN_DIRECT_OBJC_ISA_USAGE = YES_ERROR;
				CLANG_WARN_DOCUMENTATION_COMMENTS = YES;
				CLANG_WARN_EMPTY_BODY = YES;
				CLANG_WARN_ENUM_CONVERSION = YES;
				CLANG_WARN_INFINITE_RECURSION = YES;
				CLANG_WARN_INT_CONVERSION = YES;
				CLANG_WARN_OBJC_ROOT_CLASS = YES_ERROR;
				CLANG_WARN_SUSPICIOUS_MOVES = YES;
				CLANG_WARN_UNREACHABLE_CODE = YES;
				CLANG_WARN__DUPLICATE_METHOD_MATCH = YES;
				"CODE_SIGN_IDENTITY[sdk=iphoneos*]" = "iPhone Developer";
				COPY_PHASE_STRIP = NO;
				DEBUG_INFORMATION_FORMAT = dwarf;
				ENABLE_STRICT_OBJC_MSGSEND = YES;
				ENABLE_TESTABILITY = YES;
				GCC_C_LANGUAGE_STANDARD = gnu99;
				GCC_DYNAMIC_NO_PIC = NO;
				GCC_NO_COMMON_BLOCKS = YES;
				GCC_OPTIMIZATION_LEVEL = 0;
				GCC_PREPROCESSOR_DEFINITIONS = (
					"DEBUG=1",
					"$(inherited)",
				);
				GCC_WARN_64_TO_32_BIT_CONVERSION = YES;
				GCC_WARN_ABOUT_RETURN_TYPE = YES_ERROR;
				GCC_WARN_UNDECLARED_SELECTOR = YES;
				GCC_WARN_UNINITIALIZED_AUTOS = YES_AGGRESSIVE;
				GCC_WARN_UNUSED_FUNCTION = YES;
				GCC_WARN_UNUSED_VARIABLE = YES;
				IPHONEOS_DEPLOYMENT_TARGET = 10.1;
				MTL_ENABLE_DEBUG_INFO = YES;
				ONLY_ACTIVE_ARCH = YES;
				SDKROOT = iphoneos;
			};
			name = Debug;
		};
		BDEF42C21DEFF6D0009CC4DB /* Release */ = {
			isa = XCBuildConfiguration;
			buildSettings = {
				ALWAYS_SEARCH_USER_PATHS = NO;
				CLANG_ANALYZER_NONNULL = YES;
				CLANG_CXX_LANGUAGE_STANDARD = "gnu++0x";
				CLANG_CXX_LIBRARY = "libc++";
				CLANG_ENABLE_MODULES = YES;
				CLANG_ENABLE_OBJC_ARC = YES;
				CLANG_WARN_BOOL_CONVERSION = YES;
				CLANG_WARN_CONSTANT_CONVERSION = YES;
				CLANG_WARN_DIRECT_OBJC_ISA_USAGE = YES_ERROR;
				CLANG_WARN_DOCUMENTATION_COMMENTS = YES;
				CLANG_WARN_EMPTY_BODY = YES;
				CLANG_WARN_ENUM_CONVERSION = YES;
				CLANG_WARN_INFINITE_RECURSION = YES;
				CLANG_WARN_INT_CONVERSION = YES;
				CLANG_WARN_OBJC_ROOT_CLASS = YES_ERROR;
				CLANG_WARN_SUSPICIOUS_MOVES = YES;
				CLANG_WARN_UNREACHABLE_CODE = YES;
				CLANG_WARN__DUPLICATE_METHOD_MATCH = YES;
				"CODE_SIGN_IDENTITY[sdk=iphoneos*]" = "iPhone Developer";
				COPY_PHASE_STRIP = NO;
				DEBUG_INFORMATION_FORMAT = "dwarf-with-dsym";
				ENABLE_NS_ASSERTIONS = NO;
				ENABLE_STRICT_OBJC_MSGSEND = YES;
				GCC_C_LANGUAGE_STANDARD = gnu99;
				GCC_NO_COMMON_BLOCKS = YES;
				GCC_WARN_64_TO_32_BIT_CONVERSION = YES;
				GCC_WARN_ABOUT_RETURN_TYPE = YES_ERROR;
				GCC_WARN_UNDECLARED_SELECTOR = YES;
				GCC_WARN_UNINITIALIZED_AUTOS = YES_AGGRESSIVE;
				GCC_WARN_UNUSED_FUNCTION = YES;
				GCC_WARN_UNUSED_VARIABLE = YES;
				IPHONEOS_DEPLOYMENT_TARGET = 10.1;
				MTL_ENABLE_DEBUG_INFO = NO;
				SDKROOT = iphoneos;
				VALIDATE_PRODUCT = YES;
			};
			name = Release;
		};
		BDEF42C41DEFF6D0009CC4DB /* Debug */ = {
			isa = XCBuildConfiguration;
			buildSettings = {
				ASSETCATALOG_COMPILER_APPICON_NAME = AppIcon;
				DEVELOPMENT_TEAM = "";
				INFOPLIST_FILE = DKWebview/Info.plist;
				IPHONEOS_DEPLOYMENT_TARGET = 8.0;
				LD_RUNPATH_SEARCH_PATHS = "$(inherited) @executable_path/Frameworks";
				PRODUCT_BUNDLE_IDENTIFIER = "com.dk-coder.DKWebview";
				PRODUCT_NAME = "$(TARGET_NAME)";
			};
			name = Debug;
		};
		BDEF42C51DEFF6D0009CC4DB /* Release */ = {
			isa = XCBuildConfiguration;
			buildSettings = {
				ASSETCATALOG_COMPILER_APPICON_NAME = AppIcon;
				DEVELOPMENT_TEAM = "";
				INFOPLIST_FILE = DKWebview/Info.plist;
				IPHONEOS_DEPLOYMENT_TARGET = 8.0;
				LD_RUNPATH_SEARCH_PATHS = "$(inherited) @executable_path/Frameworks";
				PRODUCT_BUNDLE_IDENTIFIER = "com.dk-coder.DKWebview";
				PRODUCT_NAME = "$(TARGET_NAME)";
			};
			name = Release;
		};
/* End XCBuildConfiguration section */

/* Begin XCConfigurationList section */
		BDEF42A71DEFF6D0009CC4DB /* Build configuration list for PBXProject "DKWebview" */ = {
			isa = XCConfigurationList;
			buildConfigurations = (
				BDEF42C11DEFF6D0009CC4DB /* Debug */,
				BDEF42C21DEFF6D0009CC4DB /* Release */,
			);
			defaultConfigurationIsVisible = 0;
			defaultConfigurationName = Release;
		};
		BDEF42C31DEFF6D0009CC4DB /* Build configuration list for PBXNativeTarget "DKWebview" */ = {
			isa = XCConfigurationList;
			buildConfigurations = (
				BDEF42C41DEFF6D0009CC4DB /* Debug */,
				BDEF42C51DEFF6D0009CC4DB /* Release */,
			);
			defaultConfigurationIsVisible = 0;
		};
/* End XCConfigurationList section */
	};
	rootObject = BDEF42A41DEFF6D0009CC4DB /* Project object */;
}
